// !$*UTF8*$!
{
	archiveVersion = 1;
	classes = {
	};
	objectVersion = 77;
	objects = {

/* Begin PBXBuildFile section */
		0001DB9D114F5FDE7277099C /* AppState.swift in Sources */ = {isa = PBXBuildFile; fileRef = 611CAFDFC9C51C7A54B21C68 /* AppState.swift */; };
		0112323F2749D7DCC77C03C1 /* WebViewCoordinator.swift in Sources */ = {isa = PBXBuildFile; fileRef = 18861FA349C6ECEAA2F6CC96 /* WebViewCoordinator.swift */; };
		07EF4E8FAA12B796E5EA12E1 /* SupabaseService.swift in Sources */ = {isa = PBXBuildFile; fileRef = 400EB3722C2FF6DC44A98D12 /* SupabaseService.swift */; };
		1204C8CCAC980ABD9602476C /* OTPVerifyView.swift in Sources */ = {isa = PBXBuildFile; fileRef = 8260CAE0B745196CE83E4193 /* OTPVerifyView.swift */; };
		16211B9367C30153C3C16D13 /* LessonListView.swift in Sources */ = {isa = PBXBuildFile; fileRef = F831419566658890CA84E9E6 /* LessonListView.swift */; };
		24E6529BC5B59871D25B874A /* FantasyStage.swift in Sources */ = {isa = PBXBuildFile; fileRef = 12AAB7776B432313249D043C /* FantasyStage.swift */; };
		2C5A6F07E0F0BE60FCEFF139 /* SettingsView.swift in Sources */ = {isa = PBXBuildFile; fileRef = F5FB42EB0BEA73D79132F739 /* SettingsView.swift */; };
		343EF86689A175A8BE3A6B6A /* Supabase in Frameworks */ = {isa = PBXBuildFile; productRef = 5FE9128F8E93AC30291509CF /* Supabase */; };
		42CDF4F3D53A7BBC2AE26E72 /* MIDIManager.swift in Sources */ = {isa = PBXBuildFile; fileRef = 0C8428EFA383E2266F3620DD /* MIDIManager.swift */; };
		503403BE5DE2BF26F4357330 /* Lesson.swift in Sources */ = {isa = PBXBuildFile; fileRef = 58FE7F0D800E5DA8E1F04443 /* Lesson.swift */; };
		56798F7B79D567C225C5CB37 /* TopView.swift in Sources */ = {isa = PBXBuildFile; fileRef = F034080E04C73977D21BFCEC /* TopView.swift */; };
		607C8E3175A80231A75C7E4D /* Localizable.xcstrings in Resources */ = {isa = PBXBuildFile; fileRef = 9BCD6A5669521944C4EFDDCE /* Localizable.xcstrings */; };
		6BFFD02966CF6D54DC197D87 /* SubscriptionView.swift in Sources */ = {isa = PBXBuildFile; fileRef = 9287B850DB97CA095340096F /* SubscriptionView.swift */; };
		9D13D89E03692A38ECCDD9DB /* Config.swift in Sources */ = {isa = PBXBuildFile; fileRef = 6F8BFE37B198C035761B13AD /* Config.swift */; };
		A4310767E5C4471375C5F9C7 /* JazzifyApp.swift in Sources */ = {isa = PBXBuildFile; fileRef = F9FCAFC5B4E5655340C7965F /* JazzifyApp.swift */; };
		A8EEA36FE49B8BB6C7C499C2 /* Subscription.swift in Sources */ = {isa = PBXBuildFile; fileRef = ECDEDC88537A018A2B1C9EB2 /* Subscription.swift */; };
		D9DA045F477CD9291B8D8CBA /* MainTabView.swift in Sources */ = {isa = PBXBuildFile; fileRef = 1873118CEEB8C7B4341EDE19 /* MainTabView.swift */; };
		E09259FB92854762EA40D533 /* StoreManager.swift in Sources */ = {isa = PBXBuildFile; fileRef = 546BECBA781840253623CBDC /* StoreManager.swift */; };
		E3610256F40C29FB7E2F7D20 /* FantasyStageView.swift in Sources */ = {isa = PBXBuildFile; fileRef = 8CA9A84AB9F7B849C9301F99 /* FantasyStageView.swift */; };
		E748C5310C577DFFCB883B8F /* Profile.swift in Sources */ = {isa = PBXBuildFile; fileRef = 59EA909F7A24426B48949D2C /* Profile.swift */; };
		E8D6D6D521C2DBFB350A0088 /* LoginView.swift in Sources */ = {isa = PBXBuildFile; fileRef = 6E48683B3B737009938D6CE8 /* LoginView.swift */; };
		EA799676165F54C2B31D2C6C /* GameWebView.swift in Sources */ = {isa = PBXBuildFile; fileRef = 342682E586DCCE6032CF9125 /* GameWebView.swift */; };
		EDBC42A930C4782BFB482A81 /* MIDIBridge.swift in Sources */ = {isa = PBXBuildFile; fileRef = 74D4EE19C16486F5049C29D8 /* MIDIBridge.swift */; };
		F7B880F18591177477CF6FE3 /* BillingService.swift in Sources */ = {isa = PBXBuildFile; fileRef = 44BB606E44E08242A371BE80 /* BillingService.swift */; };
		BB11CC22DD33EE44FF55AA01 /* Announcement.swift in Sources */ = {isa = PBXBuildFile; fileRef = AA11BB22CC33DD44EE55FF01 /* Announcement.swift */; };
		BB11CC22DD33EE44FF55AA02 /* UserStats.swift in Sources */ = {isa = PBXBuildFile; fileRef = AA11BB22CC33DD44EE55FF02 /* UserStats.swift */; };
		BB11CC22DD33EE44FF55AA03 /* LessonProgress.swift in Sources */ = {isa = PBXBuildFile; fileRef = AA11BB22CC33DD44EE55FF03 /* LessonProgress.swift */; };
		BB11CC22DD33EE44FF55AA04 /* SurvivalModels.swift in Sources */ = {isa = PBXBuildFile; fileRef = AA11BB22CC33DD44EE55FF04 /* SurvivalModels.swift */; };
		BB11CC22DD33EE44FF55AA05 /* SurvivalView.swift in Sources */ = {isa = PBXBuildFile; fileRef = AA11BB22CC33DD44EE55FF05 /* SurvivalView.swift */; };
		CC11DD22EE33FF44AA55BB06 /* AnnouncementListView.swift in Sources */ = {isa = PBXBuildFile; fileRef = DD11EE22FF33AA44BB55CC06 /* AnnouncementListView.swift */; };
		CC11DD22EE33FF44AA55BB07 /* ContactView.swift in Sources */ = {isa = PBXBuildFile; fileRef = DD11EE22FF33AA44BB55CC07 /* ContactView.swift */; };
		CC22DD33EE44FF55AA66BB21 /* LessonAttachmentPreview.swift in Sources */ = {isa = PBXBuildFile; fileRef = CC22DD33EE44FF55AA66BB20 /* LessonAttachmentPreview.swift */; };
		DD22EE33FF44AA55BB66CC08 /* DailyChallengeRecord.swift in Sources */ = {isa = PBXBuildFile; fileRef = EE33FF44AA55BB66CC77DD08 /* DailyChallengeRecord.swift */; };
		AA22BB33CC44DD55EE66FF09 /* OrientationManager.swift in Sources */ = {isa = PBXBuildFile; fileRef = BB33CC44DD55EE66FF77AA09 /* OrientationManager.swift */; };
		AA22BB33CC44DD55EE66FF10 /* AppDelegate.swift in Sources */ = {isa = PBXBuildFile; fileRef = BB33CC44DD55EE66FF77AA10 /* AppDelegate.swift */; };
/* End PBXBuildFile section */

/* Begin PBXFileReference section */
		0C8428EFA383E2266F3620DD /* MIDIManager.swift */ = {isa = PBXFileReference; lastKnownFileType = sourcecode.swift; path = MIDIManager.swift; sourceTree = "<group>"; };
		12AAB7776B432313249D043C /* FantasyStage.swift */ = {isa = PBXFileReference; lastKnownFileType = sourcecode.swift; path = FantasyStage.swift; sourceTree = "<group>"; };
		1873118CEEB8C7B4341EDE19 /* MainTabView.swift */ = {isa = PBXFileReference; lastKnownFileType = sourcecode.swift; path = MainTabView.swift; sourceTree = "<group>"; };
		18861FA349C6ECEAA2F6CC96 /* WebViewCoordinator.swift */ = {isa = PBXFileReference; lastKnownFileType = sourcecode.swift; path = WebViewCoordinator.swift; sourceTree = "<group>"; };
		20B499E74ABA90E85BD71290 /* Jazzify.entitlements */ = {isa = PBXFileReference; lastKnownFileType = text.plist.entitlements; path = Jazzify.entitlements; sourceTree = "<group>"; };
		342682E586DCCE6032CF9125 /* GameWebView.swift */ = {isa = PBXFileReference; lastKnownFileType = sourcecode.swift; path = GameWebView.swift; sourceTree = "<group>"; };
		400EB3722C2FF6DC44A98D12 /* SupabaseService.swift */ = {isa = PBXFileReference; lastKnownFileType = sourcecode.swift; path = SupabaseService.swift; sourceTree = "<group>"; };
		44BB606E44E08242A371BE80 /* BillingService.swift */ = {isa = PBXFileReference; lastKnownFileType = sourcecode.swift; path = BillingService.swift; sourceTree = "<group>"; };
		546BECBA781840253623CBDC /* StoreManager.swift */ = {isa = PBXFileReference; lastKnownFileType = sourcecode.swift; path = StoreManager.swift; sourceTree = "<group>"; };
		58FE7F0D800E5DA8E1F04443 /* Lesson.swift */ = {isa = PBXFileReference; lastKnownFileType = sourcecode.swift; path = Lesson.swift; sourceTree = "<group>"; };
		59EA909F7A24426B48949D2C /* Profile.swift */ = {isa = PBXFileReference; lastKnownFileType = sourcecode.swift; path = Profile.swift; sourceTree = "<group>"; };
		611CAFDFC9C51C7A54B21C68 /* AppState.swift */ = {isa = PBXFileReference; lastKnownFileType = sourcecode.swift; path = AppState.swift; sourceTree = "<group>"; };
		6E48683B3B737009938D6CE8 /* LoginView.swift */ = {isa = PBXFileReference; lastKnownFileType = sourcecode.swift; path = LoginView.swift; sourceTree = "<group>"; };
		6F8BFE37B198C035761B13AD /* Config.swift */ = {isa = PBXFileReference; lastKnownFileType = sourcecode.swift; path = Config.swift; sourceTree = "<group>"; };
		CC22DD33EE44FF55AA66BB20 /* LessonAttachmentPreview.swift */ = {isa = PBXFileReference; lastKnownFileType = sourcecode.swift; path = LessonAttachmentPreview.swift; sourceTree = "<group>"; };
		74D4EE19C16486F5049C29D8 /* MIDIBridge.swift */ = {isa = PBXFileReference; lastKnownFileType = sourcecode.swift; path = MIDIBridge.swift; sourceTree = "<group>"; };
		8260CAE0B745196CE83E4193 /* OTPVerifyView.swift */ = {isa = PBXFileReference; lastKnownFileType = sourcecode.swift; path = OTPVerifyView.swift; sourceTree = "<group>"; };
		8CA9A84AB9F7B849C9301F99 /* FantasyStageView.swift */ = {isa = PBXFileReference; lastKnownFileType = sourcecode.swift; path = FantasyStageView.swift; sourceTree = "<group>"; };
		9287B850DB97CA095340096F /* SubscriptionView.swift */ = {isa = PBXFileReference; lastKnownFileType = sourcecode.swift; path = SubscriptionView.swift; sourceTree = "<group>"; };
		9BCD6A5669521944C4EFDDCE /* Localizable.xcstrings */ = {isa = PBXFileReference; lastKnownFileType = text.json.xcstrings; path = Localizable.xcstrings; sourceTree = "<group>"; };
		AA001122334455667788AABB /* Secrets.xcconfig */ = {isa = PBXFileReference; lastKnownFileType = text.xcconfig; name = Secrets.xcconfig; path = Secrets.xcconfig; sourceTree = SOURCE_ROOT; };
		C6E97E7B4C255D270BD5BC8C /* Info.plist */ = {isa = PBXFileReference; lastKnownFileType = text.plist; path = Info.plist; sourceTree = "<group>"; };
		DD48CBFB2FD2A3E8B56713BA /* Jazzify.app */ = {isa = PBXFileReference; explicitFileType = wrapper.application; includeInIndex = 0; path = Jazzify.app; sourceTree = BUILT_PRODUCTS_DIR; };
		ECDEDC88537A018A2B1C9EB2 /* Subscription.swift */ = {isa = PBXFileReference; lastKnownFileType = sourcecode.swift; path = Subscription.swift; sourceTree = "<group>"; };
		F034080E04C73977D21BFCEC /* TopView.swift */ = {isa = PBXFileReference; lastKnownFileType = sourcecode.swift; path = TopView.swift; sourceTree = "<group>"; };
		F5FB42EB0BEA73D79132F739 /* SettingsView.swift */ = {isa = PBXFileReference; lastKnownFileType = sourcecode.swift; path = SettingsView.swift; sourceTree = "<group>"; };
		F831419566658890CA84E9E6 /* LessonListView.swift */ = {isa = PBXFileReference; lastKnownFileType = sourcecode.swift; path = LessonListView.swift; sourceTree = "<group>"; };
		F9FCAFC5B4E5655340C7965F /* JazzifyApp.swift */ = {isa = PBXFileReference; lastKnownFileType = sourcecode.swift; path = JazzifyApp.swift; sourceTree = "<group>"; };
		AA11BB22CC33DD44EE55FF01 /* Announcement.swift */ = {isa = PBXFileReference; lastKnownFileType = sourcecode.swift; path = Announcement.swift; sourceTree = "<group>"; };
		AA11BB22CC33DD44EE55FF02 /* UserStats.swift */ = {isa = PBXFileReference; lastKnownFileType = sourcecode.swift; path = UserStats.swift; sourceTree = "<group>"; };
		AA11BB22CC33DD44EE55FF03 /* LessonProgress.swift */ = {isa = PBXFileReference; lastKnownFileType = sourcecode.swift; path = LessonProgress.swift; sourceTree = "<group>"; };
		AA11BB22CC33DD44EE55FF04 /* SurvivalModels.swift */ = {isa = PBXFileReference; lastKnownFileType = sourcecode.swift; path = SurvivalModels.swift; sourceTree = "<group>"; };
		AA11BB22CC33DD44EE55FF05 /* SurvivalView.swift */ = {isa = PBXFileReference; lastKnownFileType = sourcecode.swift; path = SurvivalView.swift; sourceTree = "<group>"; };
		DD11EE22FF33AA44BB55CC06 /* AnnouncementListView.swift */ = {isa = PBXFileReference; lastKnownFileType = sourcecode.swift; path = AnnouncementListView.swift; sourceTree = "<group>"; };
		DD11EE22FF33AA44BB55CC07 /* ContactView.swift */ = {isa = PBXFileReference; lastKnownFileType = sourcecode.swift; path = ContactView.swift; sourceTree = "<group>"; };
		EE33FF44AA55BB66CC77DD08 /* DailyChallengeRecord.swift */ = {isa = PBXFileReference; lastKnownFileType = sourcecode.swift; path = DailyChallengeRecord.swift; sourceTree = "<group>"; };
		BB33CC44DD55EE66FF77AA09 /* OrientationManager.swift */ = {isa = PBXFileReference; lastKnownFileType = sourcecode.swift; path = OrientationManager.swift; sourceTree = "<group>"; };
		BB33CC44DD55EE66FF77AA10 /* AppDelegate.swift */ = {isa = PBXFileReference; lastKnownFileType = sourcecode.swift; path = AppDelegate.swift; sourceTree = "<group>"; };
/* End PBXFileReference section */

/* Begin PBXFrameworksBuildPhase section */
		55A996B77880CE7B3497FD16 /* Frameworks */ = {
			isa = PBXFrameworksBuildPhase;
			buildActionMask = 2147483647;
			files = (
				343EF86689A175A8BE3A6B6A /* Supabase in Frameworks */,
			);
			runOnlyForDeploymentPostprocessing = 0;
		};
/* End PBXFrameworksBuildPhase section */

/* Begin PBXGroup section */
		0DAF2951F237E172998BF69A /* Jazzify */ = {
			isa = PBXGroup;
			children = (
				A1F15DC348C430F50580B7CE /* App */,
				C5E2C6C7C1C475F5411AD908 /* Auth */,
				EE22FF33AA55BB66CC77DD20 /* Components */,
				6F6BEDF557724C85BE5C4F61 /* Game */,
				FBA62A509B0AC904D26688AB /* IAP */,
				EB97940E4507B8A74845B41F /* Main */,
				7C5DADE9937DCB1DFC4A96C3 /* MIDI */,
				16963DFD05E194E9B5451257 /* Models */,
				A55BA536236528C407A8F828 /* Resources */,
				6BD54480895BB04D2CB3EDFF /* Services */,
				C6E97E7B4C255D270BD5BC8C /* Info.plist */,
				20B499E74ABA90E85BD71290 /* Jazzify.entitlements */,
			);
			path = Jazzify;
			sourceTree = "<group>";
		};
		1555215E9F1131E850E676A7 = {
			isa = PBXGroup;
			children = (
				AA001122334455667788AABB /* Secrets.xcconfig */,
				0DAF2951F237E172998BF69A /* Jazzify */,
				D3C90A55DC4CE468656D6ABD /* Products */,
			);
			sourceTree = "<group>";
		};
		16963DFD05E194E9B5451257 /* Models */ = {
			isa = PBXGroup;
			children = (
				AA11BB22CC33DD44EE55FF01 /* Announcement.swift */,
				EE33FF44AA55BB66CC77DD08 /* DailyChallengeRecord.swift */,
				12AAB7776B432313249D043C /* FantasyStage.swift */,
				58FE7F0D800E5DA8E1F04443 /* Lesson.swift */,
				AA11BB22CC33DD44EE55FF03 /* LessonProgress.swift */,
				59EA909F7A24426B48949D2C /* Profile.swift */,
				ECDEDC88537A018A2B1C9EB2 /* Subscription.swift */,
				AA11BB22CC33DD44EE55FF04 /* SurvivalModels.swift */,
				AA11BB22CC33DD44EE55FF02 /* UserStats.swift */,
			);
			path = Models;
			sourceTree = "<group>";
		};
		6BD54480895BB04D2CB3EDFF /* Services */ = {
			isa = PBXGroup;
			children = (
				44BB606E44E08242A371BE80 /* BillingService.swift */,
				400EB3722C2FF6DC44A98D12 /* SupabaseService.swift */,
			);
			path = Services;
			sourceTree = "<group>";
		};
		6F6BEDF557724C85BE5C4F61 /* Game */ = {
			isa = PBXGroup;
			children = (
				342682E586DCCE6032CF9125 /* GameWebView.swift */,
				18861FA349C6ECEAA2F6CC96 /* WebViewCoordinator.swift */,
			);
			path = Game;
			sourceTree = "<group>";
		};
		7C5DADE9937DCB1DFC4A96C3 /* MIDI */ = {
			isa = PBXGroup;
			children = (
				74D4EE19C16486F5049C29D8 /* MIDIBridge.swift */,
				0C8428EFA383E2266F3620DD /* MIDIManager.swift */,
			);
			path = MIDI;
			sourceTree = "<group>";
		};
		A1F15DC348C430F50580B7CE /* App */ = {
			isa = PBXGroup;
			children = (
				BB33CC44DD55EE66FF77AA10 /* AppDelegate.swift */,
				611CAFDFC9C51C7A54B21C68 /* AppState.swift */,
				6F8BFE37B198C035761B13AD /* Config.swift */,
				F9FCAFC5B4E5655340C7965F /* JazzifyApp.swift */,
				BB33CC44DD55EE66FF77AA09 /* OrientationManager.swift */,
			);
			path = App;
			sourceTree = "<group>";
		};
		A55BA536236528C407A8F828 /* Resources */ = {
			isa = PBXGroup;
			children = (
				9BCD6A5669521944C4EFDDCE /* Localizable.xcstrings */,
			);
			path = Resources;
			sourceTree = "<group>";
		};
		C5E2C6C7C1C475F5411AD908 /* Auth */ = {
			isa = PBXGroup;
			children = (
				6E48683B3B737009938D6CE8 /* LoginView.swift */,
				8260CAE0B745196CE83E4193 /* OTPVerifyView.swift */,
			);
			path = Auth;
			sourceTree = "<group>";
		};
		EE22FF33AA55BB66CC77DD20 /* Components */ = {
			isa = PBXGroup;
			children = (
				CC22DD33EE44FF55AA66BB20 /* LessonAttachmentPreview.swift */,
			);
			path = Components;
			sourceTree = "<group>";
		};
		D3C90A55DC4CE468656D6ABD /* Products */ = {
			isa = PBXGroup;
			children = (
				DD48CBFB2FD2A3E8B56713BA /* Jazzify.app */,
			);
			name = Products;
			sourceTree = "<group>";
		};
		EB97940E4507B8A74845B41F /* Main */ = {
			isa = PBXGroup;
			children = (
				DD11EE22FF33AA44BB55CC06 /* AnnouncementListView.swift */,
				DD11EE22FF33AA44BB55CC07 /* ContactView.swift */,
				8CA9A84AB9F7B849C9301F99 /* FantasyStageView.swift */,
				F831419566658890CA84E9E6 /* LessonListView.swift */,
				1873118CEEB8C7B4341EDE19 /* MainTabView.swift */,
				F5FB42EB0BEA73D79132F739 /* SettingsView.swift */,
				AA11BB22CC33DD44EE55FF05 /* SurvivalView.swift */,
				F034080E04C73977D21BFCEC /* TopView.swift */,
			);
			path = Main;
			sourceTree = "<group>";
		};
		FBA62A509B0AC904D26688AB /* IAP */ = {
			isa = PBXGroup;
			children = (
				546BECBA781840253623CBDC /* StoreManager.swift */,
				9287B850DB97CA095340096F /* SubscriptionView.swift */,
			);
			path = IAP;
			sourceTree = "<group>";
		};
/* End PBXGroup section */

/* Begin PBXNativeTarget section */
		E500BA83C6EE4C666A3895FC /* Jazzify */ = {
			isa = PBXNativeTarget;
			buildConfigurationList = 0839466021752CA8250130F6 /* Build configuration list for PBXNativeTarget "Jazzify" */;
			buildPhases = (
				87BAD536101199DB635FD009 /* Sources */,
				0093056A21E8BD17AD718571 /* Resources */,
				55A996B77880CE7B3497FD16 /* Frameworks */,
			);
			buildRules = (
			);
			dependencies = (
			);
			name = Jazzify;
			packageProductDependencies = (
				5FE9128F8E93AC30291509CF /* Supabase */,
			);
			productName = Jazzify;
			productReference = DD48CBFB2FD2A3E8B56713BA /* Jazzify.app */;
			productType = "com.apple.product-type.application";
		};
/* End PBXNativeTarget section */

/* Begin PBXProject section */
		21A49B4467817A918BEB7F91 /* Project object */ = {
			isa = PBXProject;
			attributes = {
				BuildIndependentTargetsInParallel = YES;
				LastUpgradeCheck = 2630;
			};
			buildConfigurationList = CC0218D6F2A41ED0C9D6D42D /* Build configuration list for PBXProject "Jazzify" */;
			developmentRegion = en;
			hasScannedForEncodings = 0;
			knownRegions = (
				Base,
				en,
				ja,
			);
			mainGroup = 1555215E9F1131E850E676A7;
			minimizedProjectReferenceProxies = 1;
			packageReferences = (
				AC8D3B5FD3E0A27E3E07081E /* XCRemoteSwiftPackageReference "supabase-swift" */,
			);
			preferredProjectObjectVersion = 77;
			productRefGroup = D3C90A55DC4CE468656D6ABD /* Products */;
			projectDirPath = "";
			projectRoot = "";
			targets = (
				E500BA83C6EE4C666A3895FC /* Jazzify */,
			);
		};
/* End PBXProject section */

/* Begin PBXResourcesBuildPhase section */
		0093056A21E8BD17AD718571 /* Resources */ = {
			isa = PBXResourcesBuildPhase;
			buildActionMask = 2147483647;
			files = (
				607C8E3175A80231A75C7E4D /* Localizable.xcstrings in Resources */,
			);
			runOnlyForDeploymentPostprocessing = 0;
		};
/* End PBXResourcesBuildPhase section */

/* Begin PBXSourcesBuildPhase section */
		87BAD536101199DB635FD009 /* Sources */ = {
			isa = PBXSourcesBuildPhase;
			buildActionMask = 2147483647;
			files = (
				BB11CC22DD33EE44FF55AA01 /* Announcement.swift in Sources */,
				CC11DD22EE33FF44AA55BB06 /* AnnouncementListView.swift in Sources */,
				AA22BB33CC44DD55EE66FF10 /* AppDelegate.swift in Sources */,
				0001DB9D114F5FDE7277099C /* AppState.swift in Sources */,
				F7B880F18591177477CF6FE3 /* BillingService.swift in Sources */,
				9D13D89E03692A38ECCDD9DB /* Config.swift in Sources */,
				CC11DD22EE33FF44AA55BB07 /* ContactView.swift in Sources */,
				DD22EE33FF44AA55BB66CC08 /* DailyChallengeRecord.swift in Sources */,
				24E6529BC5B59871D25B874A /* FantasyStage.swift in Sources */,
				E3610256F40C29FB7E2F7D20 /* FantasyStageView.swift in Sources */,
				EA799676165F54C2B31D2C6C /* GameWebView.swift in Sources */,
				A4310767E5C4471375C5F9C7 /* JazzifyApp.swift in Sources */,
				503403BE5DE2BF26F4357330 /* Lesson.swift in Sources */,
				BB11CC22DD33EE44FF55AA03 /* LessonProgress.swift in Sources */,
				CC22DD33EE44FF55AA66BB21 /* LessonAttachmentPreview.swift in Sources */,
				16211B9367C30153C3C16D13 /* LessonListView.swift in Sources */,
				E8D6D6D521C2DBFB350A0088 /* LoginView.swift in Sources */,
				EDBC42A930C4782BFB482A81 /* MIDIBridge.swift in Sources */,
				42CDF4F3D53A7BBC2AE26E72 /* MIDIManager.swift in Sources */,
				D9DA045F477CD9291B8D8CBA /* MainTabView.swift in Sources */,
				1204C8CCAC980ABD9602476C /* OTPVerifyView.swift in Sources */,
				AA22BB33CC44DD55EE66FF09 /* OrientationManager.swift in Sources */,
				E748C5310C577DFFCB883B8F /* Profile.swift in Sources */,
				2C5A6F07E0F0BE60FCEFF139 /* SettingsView.swift in Sources */,
				E09259FB92854762EA40D533 /* StoreManager.swift in Sources */,
				A8EEA36FE49B8BB6C7C499C2 /* Subscription.swift in Sources */,
				6BFFD02966CF6D54DC197D87 /* SubscriptionView.swift in Sources */,
				07EF4E8FAA12B796E5EA12E1 /* SupabaseService.swift in Sources */,
				BB11CC22DD33EE44FF55AA04 /* SurvivalModels.swift in Sources */,
				BB11CC22DD33EE44FF55AA05 /* SurvivalView.swift in Sources */,
				56798F7B79D567C225C5CB37 /* TopView.swift in Sources */,
				BB11CC22DD33EE44FF55AA02 /* UserStats.swift in Sources */,
				0112323F2749D7DCC77C03C1 /* WebViewCoordinator.swift in Sources */,
			);
			runOnlyForDeploymentPostprocessing = 0;
		};
/* End PBXSourcesBuildPhase section */

/* Begin XCBuildConfiguration section */
		1BE852376D8B542CA0C676A3 /* Release */ = {
			isa = XCBuildConfiguration;
			buildSettings = {
				ALWAYS_SEARCH_USER_PATHS = NO;
				CLANG_ANALYZER_LOCALIZABILITY_NONLOCALIZED = YES;
				CLANG_ANALYZER_NONNULL = YES;
				CLANG_ANALYZER_NUMBER_OBJECT_CONVERSION = YES_AGGRESSIVE;
				CLANG_CXX_LANGUAGE_STANDARD = "gnu++14";
				CLANG_CXX_LIBRARY = "libc++";
				CLANG_ENABLE_MODULES = YES;
				CLANG_ENABLE_OBJC_ARC = YES;
				CLANG_ENABLE_OBJC_WEAK = YES;
				CLANG_WARN_BLOCK_CAPTURE_AUTORELEASING = YES;
				CLANG_WARN_BOOL_CONVERSION = YES;
				CLANG_WARN_COMMA = YES;
				CLANG_WARN_CONSTANT_CONVERSION = YES;
				CLANG_WARN_DEPRECATED_OBJC_IMPLEMENTATIONS = YES;
				CLANG_WARN_DIRECT_OBJC_ISA_USAGE = YES_ERROR;
				CLANG_WARN_DOCUMENTATION_COMMENTS = YES;
				CLANG_WARN_EMPTY_BODY = YES;
				CLANG_WARN_ENUM_CONVERSION = YES;
				CLANG_WARN_INFINITE_RECURSION = YES;
				CLANG_WARN_INT_CONVERSION = YES;
				CLANG_WARN_NON_LITERAL_NULL_CONVERSION = YES;
				CLANG_WARN_OBJC_IMPLICIT_RETAIN_SELF = YES;
				CLANG_WARN_OBJC_LITERAL_CONVERSION = YES;
				CLANG_WARN_OBJC_ROOT_CLASS = YES_ERROR;
				CLANG_WARN_QUOTED_INCLUDE_IN_FRAMEWORK_HEADER = YES;
				CLANG_WARN_RANGE_LOOP_ANALYSIS = YES;
				CLANG_WARN_STRICT_PROTOTYPES = YES;
				CLANG_WARN_SUSPICIOUS_MOVE = YES;
				CLANG_WARN_UNGUARDED_AVAILABILITY = YES_AGGRESSIVE;
				CLANG_WARN_UNREACHABLE_CODE = YES;
				CLANG_WARN__DUPLICATE_METHOD_MATCH = YES;
				COPY_PHASE_STRIP = NO;
				CURRENT_PROJECT_VERSION = 1;
				DEBUG_INFORMATION_FORMAT = "dwarf-with-dsym";
				DEVELOPMENT_TEAM = BPVAU5J7JA;
				ENABLE_NS_ASSERTIONS = NO;
				ENABLE_STRICT_OBJC_MSGSEND = YES;
				ENABLE_USER_SCRIPT_SANDBOXING = YES;
				GCC_C_LANGUAGE_STANDARD = gnu11;
				GCC_NO_COMMON_BLOCKS = YES;
				GCC_WARN_64_TO_32_BIT_CONVERSION = YES;
				GCC_WARN_ABOUT_RETURN_TYPE = YES_ERROR;
				GCC_WARN_UNDECLARED_SELECTOR = YES;
				GCC_WARN_UNINITIALIZED_AUTOS = YES_AGGRESSIVE;
				GCC_WARN_UNUSED_FUNCTION = YES;
				GCC_WARN_UNUSED_VARIABLE = YES;
				IPHONEOS_DEPLOYMENT_TARGET = 16.0;
				MARKETING_VERSION = 1.0.0;
				MTL_ENABLE_DEBUG_INFO = NO;
				MTL_FAST_MATH = YES;
				PRODUCT_NAME = "$(TARGET_NAME)";
				SDKROOT = iphoneos;
				STRING_CATALOG_GENERATE_SYMBOLS = YES;
				SWIFT_COMPILATION_MODE = wholemodule;
				SWIFT_OPTIMIZATION_LEVEL = "-O";
				SWIFT_VERSION = 5.9;
			};
			name = Release;
		};
		702EFD55F5CCB5A4F6411D66 /* Debug */ = {
			isa = XCBuildConfiguration;
			baseConfigurationReference = AA001122334455667788AABB /* Secrets.xcconfig */;
			buildSettings = {
				ASSETCATALOG_COMPILER_APPICON_NAME = AppIcon;
				CODE_SIGN_ENTITLEMENTS = Jazzify/Jazzify.entitlements;
				CODE_SIGN_IDENTITY = "iPhone Developer";
				INFOPLIST_FILE = Jazzify/Info.plist;
				INFOPLIST_KEY_LSApplicationCategoryType = "public.app-category.education";
				LD_RUNPATH_SEARCH_PATHS = (
					"$(inherited)",
					"@executable_path/Frameworks",
				);
				PRODUCT_BUNDLE_IDENTIFIER = jp.jazzify.app;
				SDKROOT = iphoneos;
				TARGETED_DEVICE_FAMILY = "1,2";
			};
			name = Debug;
		};
		78211611C4AE20F1D5D6D8A2 /* Debug */ = {
			isa = XCBuildConfiguration;
			buildSettings = {
				ALWAYS_SEARCH_USER_PATHS = NO;
				CLANG_ANALYZER_LOCALIZABILITY_NONLOCALIZED = YES;
				CLANG_ANALYZER_NONNULL = YES;
				CLANG_ANALYZER_NUMBER_OBJECT_CONVERSION = YES_AGGRESSIVE;
				CLANG_CXX_LANGUAGE_STANDARD = "gnu++14";
				CLANG_CXX_LIBRARY = "libc++";
				CLANG_ENABLE_MODULES = YES;
				CLANG_ENABLE_OBJC_ARC = YES;
				CLANG_ENABLE_OBJC_WEAK = YES;
				CLANG_WARN_BLOCK_CAPTURE_AUTORELEASING = YES;
				CLANG_WARN_BOOL_CONVERSION = YES;
				CLANG_WARN_COMMA = YES;
				CLANG_WARN_CONSTANT_CONVERSION = YES;
				CLANG_WARN_DEPRECATED_OBJC_IMPLEMENTATIONS = YES;
				CLANG_WARN_DIRECT_OBJC_ISA_USAGE = YES_ERROR;
				CLANG_WARN_DOCUMENTATION_COMMENTS = YES;
				CLANG_WARN_EMPTY_BODY = YES;
				CLANG_WARN_ENUM_CONVERSION = YES;
				CLANG_WARN_INFINITE_RECURSION = YES;
				CLANG_WARN_INT_CONVERSION = YES;
				CLANG_WARN_NON_LITERAL_NULL_CONVERSION = YES;
				CLANG_WARN_OBJC_IMPLICIT_RETAIN_SELF = YES;
				CLANG_WARN_OBJC_LITERAL_CONVERSION = YES;
				CLANG_WARN_OBJC_ROOT_CLASS = YES_ERROR;
				CLANG_WARN_QUOTED_INCLUDE_IN_FRAMEWORK_HEADER = YES;
				CLANG_WARN_RANGE_LOOP_ANALYSIS = YES;
				CLANG_WARN_STRICT_PROTOTYPES = YES;
				CLANG_WARN_SUSPICIOUS_MOVE = YES;
				CLANG_WARN_UNGUARDED_AVAILABILITY = YES_AGGRESSIVE;
				CLANG_WARN_UNREACHABLE_CODE = YES;
				CLANG_WARN__DUPLICATE_METHOD_MATCH = YES;
				COPY_PHASE_STRIP = NO;
				CURRENT_PROJECT_VERSION = 1;
				DEBUG_INFORMATION_FORMAT = dwarf;
				DEVELOPMENT_TEAM = BPVAU5J7JA;
				ENABLE_STRICT_OBJC_MSGSEND = YES;
				ENABLE_TESTABILITY = YES;
				ENABLE_USER_SCRIPT_SANDBOXING = YES;
				GCC_C_LANGUAGE_STANDARD = gnu11;
				GCC_DYNAMIC_NO_PIC = NO;
				GCC_NO_COMMON_BLOCKS = YES;
				GCC_OPTIMIZATION_LEVEL = 0;
				GCC_PREPROCESSOR_DEFINITIONS = (
					"$(inherited)",
					"DEBUG=1",
				);
				GCC_WARN_64_TO_32_BIT_CONVERSION = YES;
				GCC_WARN_ABOUT_RETURN_TYPE = YES_ERROR;
				GCC_WARN_UNDECLARED_SELECTOR = YES;
				GCC_WARN_UNINITIALIZED_AUTOS = YES_AGGRESSIVE;
				GCC_WARN_UNUSED_FUNCTION = YES;
				GCC_WARN_UNUSED_VARIABLE = YES;
				IPHONEOS_DEPLOYMENT_TARGET = 16.0;
				MARKETING_VERSION = 1.0.0;
				MTL_ENABLE_DEBUG_INFO = INCLUDE_SOURCE;
				MTL_FAST_MATH = YES;
				ONLY_ACTIVE_ARCH = YES;
				PRODUCT_NAME = "$(TARGET_NAME)";
				SDKROOT = iphoneos;
				STRING_CATALOG_GENERATE_SYMBOLS = YES;
				SWIFT_ACTIVE_COMPILATION_CONDITIONS = DEBUG;
				SWIFT_OPTIMIZATION_LEVEL = "-Onone";
				SWIFT_VERSION = 5.9;
			};
			name = Debug;
		};
		8BEBC444AD1391FC2C601756 /* Release */ = {
			isa = XCBuildConfiguration;
			baseConfigurationReference = AA001122334455667788AABB /* Secrets.xcconfig */;
			buildSettings = {
				ASSETCATALOG_COMPILER_APPICON_NAME = AppIcon;
				CODE_SIGN_ENTITLEMENTS = Jazzify/Jazzify.entitlements;
				CODE_SIGN_IDENTITY = "iPhone Developer";
				INFOPLIST_FILE = Jazzify/Info.plist;
				INFOPLIST_KEY_LSApplicationCategoryType = "public.app-category.education";
				LD_RUNPATH_SEARCH_PATHS = (
					"$(inherited)",
					"@executable_path/Frameworks",
				);
				PRODUCT_BUNDLE_IDENTIFIER = jp.jazzify.app;
				SDKROOT = iphoneos;
				TARGETED_DEVICE_FAMILY = "1,2";
			};
			name = Release;
		};
/* End XCBuildConfiguration section */

/* Begin XCConfigurationList section */
		0839466021752CA8250130F6 /* Build configuration list for PBXNativeTarget "Jazzify" */ = {
			isa = XCConfigurationList;
			buildConfigurations = (
				702EFD55F5CCB5A4F6411D66 /* Debug */,
				8BEBC444AD1391FC2C601756 /* Release */,
			);
			defaultConfigurationIsVisible = 0;
			defaultConfigurationName = Debug;
		};
		CC0218D6F2A41ED0C9D6D42D /* Build configuration list for PBXProject "Jazzify" */ = {
			isa = XCConfigurationList;
			buildConfigurations = (
				78211611C4AE20F1D5D6D8A2 /* Debug */,
				1BE852376D8B542CA0C676A3 /* Release */,
			);
			defaultConfigurationIsVisible = 0;
			defaultConfigurationName = Debug;
		};
/* End XCConfigurationList section */

/* Begin XCRemoteSwiftPackageReference section */
		AC8D3B5FD3E0A27E3E07081E /* XCRemoteSwiftPackageReference "supabase-swift" */ = {
			isa = XCRemoteSwiftPackageReference;
			repositoryURL = "https://github.com/supabase/supabase-swift";
			requirement = {
				kind = upToNextMajorVersion;
				minimumVersion = 2.0.0;
			};
		};
/* End XCRemoteSwiftPackageReference section */

/* Begin XCSwiftPackageProductDependency section */
		5FE9128F8E93AC30291509CF /* Supabase */ = {
			isa = XCSwiftPackageProductDependency;
			package = AC8D3B5FD3E0A27E3E07081E /* XCRemoteSwiftPackageReference "supabase-swift" */;
			productName = Supabase;
		};
/* End XCSwiftPackageProductDependency section */
	};
	rootObject = 21A49B4467817A918BEB7F91 /* Project object */;
}
